{
  "name": "@shapeshift-labs/frontier-agent-kit",
  "version": "0.1.1",
  "lockfileVersion": 3,
  "requires": true,
  "packages": {
    "": {
      "name": "@shapeshift-labs/frontier-agent-kit",
      "version": "0.1.1",
      "license": "MIT",
      "bin": {
        "frontier-agent-kit": "bin/cli.mjs"
      },
      "devDependencies": {
        "@shapeshift-labs/evidence-kit": "^0.1.2",
        "@types/node": "^24.10.1",
        "typescript": "^5.9.3"
      },
      "engines": {
        "node": ">=20"
      },
      "peerDependencies": {
        "@shapeshift-labs/evidence-kit": ">=0.1.2 <1",
        "@shapeshift-labs/frontier": ">=0.1.8 <1",
        "@shapeshift-labs/frontier-dom": ">=0.1.0 <1",
        "@shapeshift-labs/frontier-logging": ">=0.1.2 <1",
        "@shapeshift-labs/frontier-playwright": ">=0.1.0 <1"
      },
      "peerDependenciesMeta": {
        "@shapeshift-labs/evidence-kit": {
          "optional": true
        },
        "@shapeshift-labs/frontier": {
          "optional": true
        },
        "@shapeshift-labs/frontier-dom": {
          "optional": true
        },
        "@shapeshift-labs/frontier-logging": {
          "optional": true
        },
        "@shapeshift-labs/frontier-playwright": {
          "optional": true
        }
      }
    },
    "node_modules/@shapeshift-labs/evidence-kit": {
      "version": "0.1.2",
      "resolved": "https://registry.npmjs.org/@shapeshift-labs/evidence-kit/-/evidence-kit-0.1.2.tgz",
      "integrity": "sha512-6dlbDROeOLBZrY4NDqBB++4++uOE8bEn9MgJQC0LI78HaLn/huARalAW9M1R7YEzTEwB7st7AY79FHwiLdJb8g==",
      "dev": true,
      "license": "MIT",
      "bin": {
        "evidence-kit": "src/cli.mjs"
      },
      "engines": {
        "node": ">=20"
      }
    },
    "node_modules/@types/node": {
      "version": "24.12.4",
      "resolved": "https://registry.npmjs.org/@types/node/-/node-24.12.4.tgz",
      "integrity": "sha512-GUUEShf+PBCGW2KaXwcIt3Yk+e3pkKwWKb9GSyM9WQVE+ep2jzmHdGsHzu4wgcZy5fN9FBdVzjpBQsYlpfpgLA==",
      "dev": true,
      "license": "MIT",
      "dependencies": {
        "undici-types": "~7.16.0"
      }
    },
    "node_modules/typescript": {
      "version": "5.9.3",
      "resolved": "https://registry.npmjs.org/typescript/-/typescript-5.9.3.tgz",
      "integrity": "sha512-jl1vZzPDinLr9eUt3J/t7V6FgNEw9QjvBPdysz9KfQDD41fQrC2Y4vKQdiaUpFT4bXlb1RHhLpp8wtm6M5TgSw==",
      "dev": true,
      "license": "Apache-2.0",
      "bin": {
        "tsc": "bin/tsc",
        "tsserver": "bin/tsserver"
      },
      "engines": {
        "node": ">=14.17"
      }
    },
    "node_modules/undici-types": {
      "version": "7.16.0",
      "resolved": "https://registry.npmjs.org/undici-types/-/undici-types-7.16.0.tgz",
      "integrity": "sha512-Zz+aZWSj8LE6zoxD+xrjh4VfkIG8Ya6LvYkZqtUQGJPZjYl53ypCaUwWqo7eI0x66KBGeRo+mlBEkMSeSZ38Nw==",
      "dev": true,
      "license": "MIT"
    }
  }
}
